hash: dccb0aa3156d9d06a05b94dac5198b1a91ae0dec1d8372c91f77c88c832da140
updated: 2019-05-22T03:10:59.537762293-04:00
imports:
- name: cloud.google.com/go
  version: 6cd7f89c14ef26d952dc10b89effd0ca5f33db62
  subpackages:
  - compute/metadata
  - iam
  - internal
  - internal/optional
  - internal/trace
  - internal/version
  - storage
- name: github.com/agext/levenshtein
  version: 0ded9c86537917af2ff89bc9c78de6bd58477894
- name: github.com/apparentlymart/go-cidr
  version: 1755c023625ec3a84979b90841a1ab067ed6c071
  subpackages:
  - cidr
- name: github.com/apparentlymart/go-textseg
  version: fb01f485ebef760e5ee06d55e1b07534dda2d295
  subpackages:
  - textseg
- name: github.com/armon/go-radix
  version: 1a2de0c21c94309923825da3df33a4381872c795
- name: github.com/aws/aws-sdk-go
  version: 9663e3b3173f4f48418aa1903451842caddc4f8e
  subpackages:
  - aws
  - aws/awserr
  - aws/awsutil
  - aws/client
  - aws/client/metadata
  - aws/corehandlers
  - aws/credentials
  - aws/credentials/ec2rolecreds
  - aws/credentials/endpointcreds
  - aws/credentials/processcreds
  - aws/credentials/stscreds
  - aws/csm
  - aws/defaults
  - aws/ec2metadata
  - aws/endpoints
  - aws/request
  - aws/session
  - aws/signer/v4
  - internal/ini
  - internal/s3err
  - internal/sdkio
  - internal/sdkrand
  - internal/sdkuri
  - internal/shareddefaults
  - private/protocol
  - private/protocol/eventstream
  - private/protocol/eventstream/eventstreamapi
  - private/protocol/json/jsonutil
  - private/protocol/query
  - private/protocol/query/queryutil
  - private/protocol/rest
  - private/protocol/restxml
  - private/protocol/xml/xmlutil
  - service/s3
  - service/sts
- name: github.com/bgentry/go-netrc
  version: 9fd32a8b3d3d3f9d43c341bfe098430e07609480
  subpackages:
  - netrc
- name: github.com/bgentry/speakeasy
  version: 4aabc24848ce5fd31929f7d1e4ea74d3709c14cd
- name: github.com/blang/semver
  version: 1a9109f8c4a1d669a78442f567dfe8eedf982793
- name: github.com/davecgh/go-spew
  version: d8f796af33cc11cb798c1aaeb27a4ebc5099927d
  subpackages:
  - spew
- name: github.com/fatih/color
  version: 3f9d52f7176a6927daacff70a3e8d1dc2025c53e
- name: github.com/golang/protobuf
  version: b285ee9cfc6c881bb20c0d8dc73370ea9b9ec90f
  subpackages:
  - proto
  - protoc-gen-go/descriptor
  - ptypes
  - ptypes/any
  - ptypes/duration
  - ptypes/timestamp
- name: github.com/google/go-cmp
  version: 6f77996f0c42f7b84e5a2b252227263f93432e9b
  subpackages:
  - cmp
  - cmp/internal/diff
  - cmp/internal/flags
  - cmp/internal/function
  - cmp/internal/value
- name: github.com/googleapis/gax-go
  version: bd5b16380fd03dc758d11cef74ba2e3bc8b0e8c2
  subpackages:
  - v2
- name: github.com/hashicorp/errwrap
  version: 8a6fb523712970c966eefc6b39ed2c5e74880354
- name: github.com/hashicorp/go-cleanhttp
  version: d3fcbee8e1810ecee4bdbf415f42f84cfd0e3361
- name: github.com/hashicorp/go-getter
  version: f9ec369200fd2163b8f452e5e45696d83ae3f4b6
  subpackages:
  - helper/url
- name: github.com/hashicorp/go-hclog
  version: f1d61ad5398ffe4f2eb61eacb088340d44e99672
- name: github.com/hashicorp/go-multierror
  version: 886a7fbe3eb1c874d46f623bfa70af45f425b3d1
- name: github.com/hashicorp/go-plugin
  version: a1756f37cec6471f10accdf15a5e5961317bea0d
  subpackages:
  - internal/plugin
- name: github.com/hashicorp/go-safetemp
  version: c9a55de4fe06c920a71964b53cfe3dd293a3c743
- name: github.com/hashicorp/go-uuid
  version: 4f571afc59f3043a65f8fe6bf46d887b10a01d43
- name: github.com/hashicorp/go-version
  version: 192140e6f3e645d971b134d4e35b5191adb9dfd3
- name: github.com/hashicorp/golang-lru
  version: 59383c442f7d7b190497e9bb8fc17a48d06cd03f
  subpackages:
  - simplelru
- name: github.com/hashicorp/hcl
  version: 99e2f22d1c94b272184d97dd9d252866409100ab
  subpackages:
  - hcl/ast
  - hcl/parser
  - hcl/scanner
  - hcl/strconv
  - hcl/token
  - json/parser
  - json/scanner
  - json/token
- name: github.com/hashicorp/hcl2
  version: 4b22149b7cef7272799ac85dca150e553d667971
  subpackages:
  - ext/dynblock
  - ext/typeexpr
  - gohcl
  - hcl
  - hcl/hclsyntax
  - hcl/json
  - hcldec
  - hcled
  - hclparse
  - hclwrite
- name: github.com/hashicorp/hil
  version: 97b3a9cdfa9349086cfad7ea2fe3165bfe3cbf63
  subpackages:
  - ast
  - parser
  - scanner
- name: github.com/hashicorp/logutils
  version: a335183dfd075f638afcc820c90591ca3c97eba6
- name: github.com/hashicorp/terraform
  version: 66c5acffa6a714349b533c1408aed5de99f4e032
  subpackages:
  - addrs
  - command/format
  - config
  - config/hcl2shim
  - config/module
  - configs
  - configs/configload
  - configs/configschema
  - dag
  - flatmap
  - helper/config
  - helper/didyoumean
  - helper/hashcode
  - helper/hilmapstructure
  - helper/logging
  - helper/plugin
  - helper/resource
  - helper/schema
  - helper/structure
  - helper/validation
  - httpclient
  - internal/earlyconfig
  - internal/initwd
  - internal/modsdir
  - internal/tfplugin5
  - lang
  - lang/blocktoattr
  - lang/funcs
  - moduledeps
  - plans
  - plans/objchange
  - plugin
  - plugin/convert
  - plugin/discovery
  - providers
  - provisioners
  - registry
  - registry/regsrc
  - registry/response
  - states
  - states/statefile
  - svchost
  - svchost/auth
  - svchost/disco
  - terraform
  - tfdiags
  - version
- name: github.com/hashicorp/terraform-config-inspect
  version: 8022a2663a706bf2f36bfaf7968a9234f9e5a571
  subpackages:
  - tfconfig
- name: github.com/hashicorp/yamux
  version: 2f1d1f20f75d5404f53b9edf6b53ed5505508675
- name: github.com/jmespath/go-jmespath
  version: c2b33e8439af944379acbdd9c3a5fe0bc44bd8a5
- name: github.com/mattn/go-colorable
  version: 3a70a971f94a22f2fa562ffcc7a0eb45f5daf045
- name: github.com/mattn/go-isatty
  version: 1311e847b0cb909da63b5fecfb5370aa66236465
- name: github.com/mitchellh/cli
  version: 3d22a244be8aa6fb16ac24af0e195c08b7d973aa
- name: github.com/mitchellh/colorstring
  version: d06e56a500db4d08c33db0b79461e7c9beafca2d
- name: github.com/mitchellh/copystructure
  version: 9a1b6f44e8da0e0e374624fb0a825a231b00c537
- name: github.com/mitchellh/go-homedir
  version: af06845cf3004701891bf4fdb884bfe4920b3727
- name: github.com/mitchellh/go-testing-interface
  version: 6d0b8010fcc857872e42fc6c931227569016843c
- name: github.com/mitchellh/go-wordwrap
  version: 9e67c67572bc5dd02aef930e2b0ae3c02a4b5a5c
- name: github.com/mitchellh/hashstructure
  version: a38c50148365edc8df43c1580c48fb2b3a1e9cd7
- name: github.com/mitchellh/mapstructure
  version: 3536a929edddb9a5b34bd6861dc4a9647cb459fe
- name: github.com/mitchellh/reflectwalk
  version: 3e2c75dfad4fbf904b58782a80fd595c760ad185
- name: github.com/oklog/run
  version: 6934b124db28979da51d3470dadfa34d73d72652
- name: github.com/posener/complete
  version: af07aa5181b38e3fa57d053328e44aaa27da5999
  subpackages:
  - cmd
  - cmd/install
  - match
- name: github.com/spf13/afero
  version: 588a75ec4f32903aa5e39a2619ba6a4631e28424
  subpackages:
  - mem
- name: github.com/tidwall/gjson
  version: eee0b6226f0d1db2675a176fdfaa8419bcad4ca8
- name: github.com/tidwall/match
  version: 33827db735fff6510490d69a8622612558a557ed
- name: github.com/tidwall/pretty
  version: 1166b9ac2b65e46a43d8618d30d1554f4652d49b
- name: github.com/ulikunitz/xz
  version: 6f934d456d51e742b4eeab20d925a827ef22320a
  subpackages:
  - internal/hash
  - internal/xlog
  - lzma
- name: github.com/vmihailenco/msgpack
  version: 5467b4fb032b68b160f4acce954153280cf5e05b
  subpackages:
  - codes
- name: github.com/xcat2/terraform-provider-xcat
  version: f6527b98d0e5f8e0be29f8ee33a4433d87eb5276
  subpackages:
  - xcat
- name: github.com/zclconf/go-cty
  version: 4fecf87372ec204b46eb9e8ff264cdc3cafdccfe
  subpackages:
  - cty
  - cty/convert
  - cty/function
  - cty/function/stdlib
  - cty/gocty
  - cty/json
  - cty/msgpack
  - cty/set
- name: go.opencensus.io
  version: f24e56296b3a742d13b8368bbb1e831f9b0d2c7f
  subpackages:
  - internal
  - internal/tagencoding
  - metric/metricdata
  - metric/metricproducer
  - plugin/ochttp
  - plugin/ochttp/propagation/b3
  - resource
  - stats
  - stats/internal
  - stats/view
  - tag
  - trace
  - trace/internal
  - trace/propagation
  - trace/tracestate
- name: golang.org/x/crypto
  version: 22d7a77e9e5f409e934ed268692e56707cd169e5
  subpackages:
  - bcrypt
  - blowfish
  - cast5
  - openpgp
  - openpgp/armor
  - openpgp/elgamal
  - openpgp/errors
  - openpgp/packet
  - openpgp/s2k
- name: golang.org/x/net
  version: 018c4d40a106a7ae83689758294fcd8d23850745
  subpackages:
  - context
  - context/ctxhttp
  - http/httpguts
  - http2
  - http2/hpack
  - idna
  - internal/timeseries
  - trace
- name: golang.org/x/oauth2
  version: 950ef44c6e079baf075030377d90bf0c7e4b7b7a
  subpackages:
  - google
  - internal
  - jws
  - jwt
- name: golang.org/x/sys
  version: 8097e1b27ff5e40620836729a9584e91b094b062
  subpackages:
  - unix
- name: golang.org/x/text
  version: 342b2e1fbaa52c93f31447ad2c6abc048c63e475
  subpackages:
  - secure/bidirule
  - transform
  - unicode/bidi
  - unicode/norm
- name: google.golang.org/api
  version: d863c863a26eb446d6c8183ae3a66331e710eac8
  subpackages:
  - gensupport
  - googleapi
  - googleapi/internal/uritemplates
  - googleapi/transport
  - internal
  - iterator
  - option
  - storage/v1
  - transport/http
  - transport/http/internal/propagation
- name: google.golang.org/appengine
  version: 311d3c5cf9373249645db030e53c37c209a8b378
  subpackages:
  - datastore
  - datastore/internal/cloudkey
  - datastore/internal/cloudpb
  - internal
  - internal/app_identity
  - internal/base
  - internal/datastore
  - internal/log
  - internal/modules
  - internal/remote_api
  - internal/urlfetch
  - urlfetch
- name: google.golang.org/genproto
  version: bb713bdc0e5239f2b68e560efbe1c701a6fe78f9
  subpackages:
  - googleapis/api/annotations
  - googleapis/iam/v1
  - googleapis/rpc/code
  - googleapis/rpc/status
  - googleapis/type/expr
- name: google.golang.org/grpc
  version: c2e0a6d772dbf7994b064b8b6c1b8ef91f5d6c09
  subpackages:
  - balancer
  - balancer/base
  - balancer/roundrobin
  - binarylog/grpc_binarylog_v1
  - codes
  - connectivity
  - credentials
  - credentials/internal
  - encoding
  - encoding/proto
  - grpclog
  - health
  - health/grpc_health_v1
  - internal
  - internal/backoff
  - internal/balancerload
  - internal/binarylog
  - internal/channelz
  - internal/envconfig
  - internal/grpcrand
  - internal/grpcsync
  - internal/syscall
  - internal/transport
  - keepalive
  - metadata
  - naming
  - peer
  - resolver
  - resolver/dns
  - resolver/passthrough
  - stats
  - status
  - tap
  - test/bufconn
testImports: []
